Microsoft Visual Studio Solution File, Format Version 12.00
# Visual Studio Version 17
VisualStudioVersion = 17.5.2.0
MinimumVisualStudioVersion = 10.0.40219.1
Project("{FAE04EC0-301F-11D3-BF4B-00C04F79EFBC}") = "Application1", "Application1.csproj", "{0D6A6901-9673-2553-E2C2-8C86DC5B0362}"
EndProject
Global
	GlobalSection(SolutionConfigurationPlatforms) = preSolution
		Debug|Any CPU = Debug|Any CPU
		Release|Any CPU = Release|Any CPU
	EndGlobalSection
	GlobalSection(ProjectConfigurationPlatforms) = postSolution
		{0D6A6901-9673-2553-E2C2-8C86DC5B0362}.Debug|Any CPU.ActiveCfg = Debug|Any CPU
		{0D6A6901-9673-2553-E2C2-8C86DC5B0362}.Debug|Any CPU.Build.0 = Debug|Any CPU
		{0D6A6901-9673-2553-E2C2-8C86DC5B0362}.Release|Any CPU.ActiveCfg = Release|Any CPU
		{0D6A6901-9673-2553-E2C2-8C86DC5B0362}.Release|Any CPU.Build.0 = Release|Any CPU
	EndGlobalSection
	GlobalSection(SolutionProperties) = preSolution
		HideSolutionNode = FALSE
	EndGlobalSection
	GlobalSection(ExtensibilityGlobals) = postSolution
		SolutionGuid = {3F438CCD-1E20-40D5-A5DE-D6756646C666}
	EndGlobalSection
EndGlobal
